<Solution>
  <Folder Name="/Common/">
    <Project Path="Common/Contracts/Contracts.csproj" />
  </Folder>
  <Project Path="Overflow.AppHost/Overflow.AppHost.csproj" />
  <Project Path="Overflow.ServiceDefaults/Overflow.ServiceDefaults.csproj" />
  <Project Path="QuestionService/QuestionService.csproj" />
  <Project Path="SearchService/SearchService.csproj" />
</Solution>
